
Microsoft Visual Studio Solution File, Format Version 12.00
# Visual Studio Version 17
VisualStudioVersion = 17.14.36408.4 d17.14
MinimumVisualStudioVersion = 10.0.40219.1
Project("{FAE04EC0-301F-11D3-BF4B-00C04F79EFBC}") = "GameProgramming_TextBasedRPG_Map_GabeRyan", "GameProgramming_TextBasedRPG_Map_GabeRyan\GameProgramming_TextBasedRPG_Map_GabeRyan.csproj", "{EDF42DB0-62D6-44C5-9BDD-836570A5BDB1}"
EndProject
Global
	GlobalSection(SolutionConfigurationPlatforms) = preSolution
		Debug|Any CPU = Debug|Any CPU
		Release|Any CPU = Release|Any CPU
	EndGlobalSection
	GlobalSection(ProjectConfigurationPlatforms) = postSolution
		{EDF42DB0-62D6-44C5-9BDD-836570A5BDB1}.Debug|Any CPU.ActiveCfg = Debug|Any CPU
		{EDF42DB0-62D6-44C5-9BDD-836570A5BDB1}.Debug|Any CPU.Build.0 = Debug|Any CPU
		{EDF42DB0-62D6-44C5-9BDD-836570A5BDB1}.Release|Any CPU.ActiveCfg = Release|Any CPU
		{EDF42DB0-62D6-44C5-9BDD-836570A5BDB1}.Release|Any CPU.Build.0 = Release|Any CPU
	EndGlobalSection
	GlobalSection(SolutionProperties) = preSolution
		HideSolutionNode = FALSE
	EndGlobalSection
	GlobalSection(ExtensibilityGlobals) = postSolution
		SolutionGuid = {3441726B-F027-4077-BB02-F82AEF514FFC}
	EndGlobalSection
EndGlobal
